
Microsoft Visual Studio Solution File, Format Version 12.00
# Visual Studio Version 17
VisualStudioVersion = 17.11.35327.3
MinimumVisualStudioVersion = 10.0.40219.1
Project("{FAE04EC0-301F-11D3-BF4B-00C04F79EFBC}") = "TestovaciProjekt3", "TestovaciProjekt3.csproj", "{CC0433BC-30DE-4A7D-9C10-93D4CD42E791}"
EndProject
Global
	GlobalSection(SolutionConfigurationPlatforms) = preSolution
		Debug|Any CPU = Debug|Any CPU
		Release|Any CPU = Release|Any CPU
	EndGlobalSection
	GlobalSection(ProjectConfigurationPlatforms) = postSolution
		{CC0433BC-30DE-4A7D-9C10-93D4CD42E791}.Debug|Any CPU.ActiveCfg = Debug|Any CPU
		{CC0433BC-30DE-4A7D-9C10-93D4CD42E791}.Debug|Any CPU.Build.0 = Debug|Any CPU
		{CC0433BC-30DE-4A7D-9C10-93D4CD42E791}.Release|Any CPU.ActiveCfg = Release|Any CPU
		{CC0433BC-30DE-4A7D-9C10-93D4CD42E791}.Release|Any CPU.Build.0 = Release|Any CPU
	EndGlobalSection
	GlobalSection(SolutionProperties) = preSolution
		HideSolutionNode = FALSE
	EndGlobalSection
	GlobalSection(ExtensibilityGlobals) = postSolution
		SolutionGuid = {6A83236A-5824-4F8B-818E-B769AF56083C}
	EndGlobalSection
EndGlobal
